
Microsoft Visual Studio Solution File, Format Version 12.00
# Visual Studio Version 17
VisualStudioVersion = 17.4.33213.308
MinimumVisualStudioVersion = 10.0.40219.1
Project("{FAE04EC0-301F-11D3-BF4B-00C04F79EFBC}") = "COMP003A.Assignment4", "COMP003A.Assignment4\COMP003A.Assignment4.csproj", "{D757033A-F013-4459-B4A1-E80DB0F0443D}"
EndProject
Global
	GlobalSection(SolutionConfigurationPlatforms) = preSolution
		Debug|Any CPU = Debug|Any CPU
		Release|Any CPU = Release|Any CPU
	EndGlobalSection
	GlobalSection(ProjectConfigurationPlatforms) = postSolution
		{D757033A-F013-4459-B4A1-E80DB0F0443D}.Debug|Any CPU.ActiveCfg = Debug|Any CPU
		{D757033A-F013-4459-B4A1-E80DB0F0443D}.Debug|Any CPU.Build.0 = Debug|Any CPU
		{D757033A-F013-4459-B4A1-E80DB0F0443D}.Release|Any CPU.ActiveCfg = Release|Any CPU
		{D757033A-F013-4459-B4A1-E80DB0F0443D}.Release|Any CPU.Build.0 = Release|Any CPU
	EndGlobalSection
	GlobalSection(SolutionProperties) = preSolution
		HideSolutionNode = FALSE
	EndGlobalSection
	GlobalSection(ExtensibilityGlobals) = postSolution
		SolutionGuid = {FE2B62A9-5285-489D-B7A0-3B8964F04B79}
	EndGlobalSection
EndGlobal
